
Microsoft Visual Studio Solution File, Format Version 12.00
# Visual Studio Version 17
VisualStudioVersion = 17.8.34322.80
MinimumVisualStudioVersion = 10.0.40219.1
Project("{FAE04EC0-301F-11D3-BF4B-00C04F79EFBC}") = "ICMPPDFCONVERTER", "ICMPPDFCONVERTER\ICMPPDFCONVERTER.csproj", "{35A537C5-1C05-4AA5-9AA8-C53A18E4EEFE}"
EndProject
Global
	GlobalSection(SolutionConfigurationPlatforms) = preSolution
		Debug|Any CPU = Debug|Any CPU
		Release|Any CPU = Release|Any CPU
	EndGlobalSection
	GlobalSection(ProjectConfigurationPlatforms) = postSolution
		{35A537C5-1C05-4AA5-9AA8-C53A18E4EEFE}.Debug|Any CPU.ActiveCfg = Debug|Any CPU
		{35A537C5-1C05-4AA5-9AA8-C53A18E4EEFE}.Debug|Any CPU.Build.0 = Debug|Any CPU
		{35A537C5-1C05-4AA5-9AA8-C53A18E4EEFE}.Release|Any CPU.ActiveCfg = Release|Any CPU
		{35A537C5-1C05-4AA5-9AA8-C53A18E4EEFE}.Release|Any CPU.Build.0 = Release|Any CPU
	EndGlobalSection
	GlobalSection(SolutionProperties) = preSolution
		HideSolutionNode = FALSE
	EndGlobalSection
	GlobalSection(ExtensibilityGlobals) = postSolution
		SolutionGuid = {63FDCE78-961C-4095-A23C-C81336894693}
	EndGlobalSection
EndGlobal
